// !$*UTF8*$!
{
	archiveVersion = 1;
	classes = {
	};
	objectVersion = 46;
	objects = {

/* Begin PBXBuildFile section */
		5C20722A1C86D15E00703DAA /* AppDelegate.swift in Sources */ = {isa = PBXBuildFile; fileRef = 5C2072291C86D15E00703DAA /* AppDelegate.swift */; };
		5C20722C1C86D15E00703DAA /* ViewController.swift in Sources */ = {isa = PBXBuildFile; fileRef = 5C20722B1C86D15E00703DAA /* ViewController.swift */; };
		5C20722F1C86D15E00703DAA /* Main.storyboard in Resources */ = {isa = PBXBuildFile; fileRef = 5C20722D1C86D15E00703DAA /* Main.storyboard */; };
		5C2072311C86D15E00703DAA /* Assets.xcassets in Resources */ = {isa = PBXBuildFile; fileRef = 5C2072301C86D15E00703DAA /* Assets.xcassets */; };
		5C2072341C86D15E00703DAA /* LaunchScreen.storyboard in Resources */ = {isa = PBXBuildFile; fileRef = 5C2072321C86D15E00703DAA /* LaunchScreen.storyboard */; };
		5C2072391C86D15E00703DAA /* JWatchWeatherProject WatchKit App.app in Embed Watch Content */ = {isa = PBXBuildFile; fileRef = 5C2072381C86D15E00703DAA /* JWatchWeatherProject WatchKit App.app */; };
		5C20723F1C86D15E00703DAA /* Interface.storyboard in Resources */ = {isa = PBXBuildFile; fileRef = 5C20723D1C86D15E00703DAA /* Interface.storyboard */; };
		5C2072411C86D15E00703DAA /* Assets.xcassets in Resources */ = {isa = PBXBuildFile; fileRef = 5C2072401C86D15E00703DAA /* Assets.xcassets */; };
		5C2072481C86D15E00703DAA /* JWatchWeatherProject WatchKit Extension.appex in Embed App Extensions */ = {isa = PBXBuildFile; fileRef = 5C2072471C86D15E00703DAA /* JWatchWeatherProject WatchKit Extension.appex */; settings = {ATTRIBUTES = (RemoveHeadersOnCopy, ); }; };
		5C20724F1C86D15E00703DAA /* InterfaceController.swift in Sources */ = {isa = PBXBuildFile; fileRef = 5C20724E1C86D15E00703DAA /* InterfaceController.swift */; };
		5C2072511C86D15E00703DAA /* ExtensionDelegate.swift in Sources */ = {isa = PBXBuildFile; fileRef = 5C2072501C86D15E00703DAA /* ExtensionDelegate.swift */; };
		5C2072531C86D15E00703DAA /* NotificationController.swift in Sources */ = {isa = PBXBuildFile; fileRef = 5C2072521C86D15E00703DAA /* NotificationController.swift */; };
		5C2072551C86D15E00703DAA /* GlanceController.swift in Sources */ = {isa = PBXBuildFile; fileRef = 5C2072541C86D15E00703DAA /* GlanceController.swift */; };
		5C2072571C86D15E00703DAA /* ComplicationController.swift in Sources */ = {isa = PBXBuildFile; fileRef = 5C2072561C86D15E00703DAA /* ComplicationController.swift */; };
		5C2072591C86D15E00703DAA /* Assets.xcassets in Resources */ = {isa = PBXBuildFile; fileRef = 5C2072581C86D15E00703DAA /* Assets.xcassets */; };
		5C2072691C86D2BE00703DAA /* WeathrViewController.swift in Sources */ = {isa = PBXBuildFile; fileRef = 5C2072681C86D2BE00703DAA /* WeathrViewController.swift */; };
		5C2072721C86E6B600703DAA /* WatchWeatherKit.h in Headers */ = {isa = PBXBuildFile; fileRef = 5C2072711C86E6B600703DAA /* WatchWeatherKit.h */; settings = {ATTRIBUTES = (Public, ); }; };
		5C2072761C86E6B600703DAA /* WatchWeatherKit.framework in Frameworks */ = {isa = PBXBuildFile; fileRef = 5C20726F1C86E6B600703DAA /* WatchWeatherKit.framework */; };
		5C2072771C86E6B600703DAA /* WatchWeatherKit.framework in Embed Frameworks */ = {isa = PBXBuildFile; fileRef = 5C20726F1C86E6B600703DAA /* WatchWeatherKit.framework */; settings = {ATTRIBUTES = (CodeSignOnCopy, RemoveHeadersOnCopy, ); }; };
		5C20727D1C86E6D400703DAA /* Day.swift in Sources */ = {isa = PBXBuildFile; fileRef = 5C20727C1C86E6D400703DAA /* Day.swift */; };
		5C20727F1C86FA1E00703DAA /* WatchWeatherKit.swift in Sources */ = {isa = PBXBuildFile; fileRef = 5C20727E1C86FA1E00703DAA /* WatchWeatherKit.swift */; };
		5C2072811C86FC7C00703DAA /* WeatherClient.swift in Sources */ = {isa = PBXBuildFile; fileRef = 5C2072801C86FC7C00703DAA /* WeatherClient.swift */; };
		5C20728A1C872DA000703DAA /* WatchWeatherWatchKit.h in Headers */ = {isa = PBXBuildFile; fileRef = 5C2072891C872DA000703DAA /* WatchWeatherWatchKit.h */; settings = {ATTRIBUTES = (Public, ); }; };
		5C20728E1C872DA000703DAA /* WatchWeatherWatchKit.framework in Frameworks */ = {isa = PBXBuildFile; fileRef = 5C2072871C872DA000703DAA /* WatchWeatherWatchKit.framework */; };
		5C20728F1C872DA000703DAA /* WatchWeatherWatchKit.framework in Embed Frameworks */ = {isa = PBXBuildFile; fileRef = 5C2072871C872DA000703DAA /* WatchWeatherWatchKit.framework */; settings = {ATTRIBUTES = (CodeSignOnCopy, RemoveHeadersOnCopy, ); }; };
		5C2072951C872DB900703DAA /* Day.swift in Sources */ = {isa = PBXBuildFile; fileRef = 5C2072941C872DB900703DAA /* Day.swift */; };
		5C2072971C872DC600703DAA /* Weather.swift in Sources */ = {isa = PBXBuildFile; fileRef = 5C2072961C872DC600703DAA /* Weather.swift */; };
		5C2072991C872DD900703DAA /* WeatherClient.swift in Sources */ = {isa = PBXBuildFile; fileRef = 5C2072981C872DD900703DAA /* WeatherClient.swift */; };
/* End PBXBuildFile section */

/* Begin PBXContainerItemProxy section */
		5C20723A1C86D15E00703DAA /* PBXContainerItemProxy */ = {
			isa = PBXContainerItemProxy;
			containerPortal = 5C20721E1C86D15D00703DAA /* Project object */;
			proxyType = 1;
			remoteGlobalIDString = 5C2072371C86D15E00703DAA;
			remoteInfo = "JWatchWeatherProject WatchKit App";
		};
		5C2072491C86D15E00703DAA /* PBXContainerItemProxy */ = {
			isa = PBXContainerItemProxy;
			containerPortal = 5C20721E1C86D15D00703DAA /* Project object */;
			proxyType = 1;
			remoteGlobalIDString = 5C2072461C86D15E00703DAA;
			remoteInfo = "JWatchWeatherProject WatchKit Extension";
		};
		5C2072741C86E6B600703DAA /* PBXContainerItemProxy */ = {
			isa = PBXContainerItemProxy;
			containerPortal = 5C20721E1C86D15D00703DAA /* Project object */;
			proxyType = 1;
			remoteGlobalIDString = 5C20726E1C86E6B600703DAA;
			remoteInfo = WatchWeatherKit;
		};
		5C20728C1C872DA000703DAA /* PBXContainerItemProxy */ = {
			isa = PBXContainerItemProxy;
			containerPortal = 5C20721E1C86D15D00703DAA /* Project object */;
			proxyType = 1;
			remoteGlobalIDString = 5C2072861C872DA000703DAA;
			remoteInfo = WatchWeatherWatchKit;
		};
/* End PBXContainerItemProxy section */

/* Begin PBXCopyFilesBuildPhase section */
		5C2072601C86D15E00703DAA /* Embed App Extensions */ = {
			isa = PBXCopyFilesBuildPhase;
			buildActionMask = 2147483647;
			dstPath = "";
			dstSubfolderSpec = 13;
			files = (
				5C2072481C86D15E00703DAA /* JWatchWeatherProject WatchKit Extension.appex in Embed App Extensions */,
			);
			name = "Embed App Extensions";
			runOnlyForDeploymentPostprocessing = 0;
		};
		5C2072641C86D15E00703DAA /* Embed Watch Content */ = {
			isa = PBXCopyFilesBuildPhase;
			buildActionMask = 2147483647;
			dstPath = "$(CONTENTS_FOLDER_PATH)/Watch";
			dstSubfolderSpec = 16;
			files = (
				5C2072391C86D15E00703DAA /* JWatchWeatherProject WatchKit App.app in Embed Watch Content */,
			);
			name = "Embed Watch Content";
			runOnlyForDeploymentPostprocessing = 0;
		};
		5C20727B1C86E6B600703DAA /* Embed Frameworks */ = {
			isa = PBXCopyFilesBuildPhase;
			buildActionMask = 2147483647;
			dstPath = "";
			dstSubfolderSpec = 10;
			files = (
				5C2072771C86E6B600703DAA /* WatchWeatherKit.framework in Embed Frameworks */,
			);
			name = "Embed Frameworks";
			runOnlyForDeploymentPostprocessing = 0;
		};
		5C2072931C872DA000703DAA /* Embed Frameworks */ = {
			isa = PBXCopyFilesBuildPhase;
			buildActionMask = 2147483647;
			dstPath = "";
			dstSubfolderSpec = 10;
			files = (
				5C20728F1C872DA000703DAA /* WatchWeatherWatchKit.framework in Embed Frameworks */,
			);
			name = "Embed Frameworks";
			runOnlyForDeploymentPostprocessing = 0;
		};
/* End PBXCopyFilesBuildPhase section */

/* Begin PBXFileReference section */
		5C2072261C86D15E00703DAA /* JWatchWeatherProject.app */ = {isa = PBXFileReference; explicitFileType = wrapper.application; includeInIndex = 0; path = JWatchWeatherProject.app; sourceTree = BUILT_PRODUCTS_DIR; };
		5C2072291C86D15E00703DAA /* AppDelegate.swift */ = {isa = PBXFileReference; lastKnownFileType = sourcecode.swift; path = AppDelegate.swift; sourceTree = "<group>"; };
		5C20722B1C86D15E00703DAA /* ViewController.swift */ = {isa = PBXFileReference; lastKnownFileType = sourcecode.swift; path = ViewController.swift; sourceTree = "<group>"; };
		5C20722E1C86D15E00703DAA /* Base */ = {isa = PBXFileReference; lastKnownFileType = file.storyboard; name = Base; path = Base.lproj/Main.storyboard; sourceTree = "<group>"; };
		5C2072301C86D15E00703DAA /* Assets.xcassets */ = {isa = PBXFileReference; lastKnownFileType = folder.assetcatalog; path = Assets.xcassets; sourceTree = "<group>"; };
		5C2072331C86D15E00703DAA /* Base */ = {isa = PBXFileReference; lastKnownFileType = file.storyboard; name = Base; path = Base.lproj/LaunchScreen.storyboard; sourceTree = "<group>"; };
		5C2072351C86D15E00703DAA /* Info.plist */ = {isa = PBXFileReference; lastKnownFileType = text.plist.xml; path = Info.plist; sourceTree = "<group>"; };
		5C2072381C86D15E00703DAA /* JWatchWeatherProject WatchKit App.app */ = {isa = PBXFileReference; explicitFileType = wrapper.application; includeInIndex = 0; path = "JWatchWeatherProject WatchKit App.app"; sourceTree = BUILT_PRODUCTS_DIR; };
		5C20723E1C86D15E00703DAA /* Base */ = {isa = PBXFileReference; lastKnownFileType = file.storyboard; name = Base; path = Base.lproj/Interface.storyboard; sourceTree = "<group>"; };
		5C2072401C86D15E00703DAA /* Assets.xcassets */ = {isa = PBXFileReference; lastKnownFileType = folder.assetcatalog; path = Assets.xcassets; sourceTree = "<group>"; };
		5C2072421C86D15E00703DAA /* Info.plist */ = {isa = PBXFileReference; lastKnownFileType = text.plist.xml; path = Info.plist; sourceTree = "<group>"; };
		5C2072471C86D15E00703DAA /* JWatchWeatherProject WatchKit Extension.appex */ = {isa = PBXFileReference; explicitFileType = "wrapper.app-extension"; includeInIndex = 0; path = "JWatchWeatherProject WatchKit Extension.appex"; sourceTree = BUILT_PRODUCTS_DIR; };
		5C20724D1C86D15E00703DAA /* PushNotificationPayload.apns */ = {isa = PBXFileReference; lastKnownFileType = text; path = PushNotificationPayload.apns; sourceTree = "<group>"; };
		5C20724E1C86D15E00703DAA /* InterfaceController.swift */ = {isa = PBXFileReference; lastKnownFileType = sourcecode.swift; path = InterfaceController.swift; sourceTree = "<group>"; };
		5C2072501C86D15E00703DAA /* ExtensionDelegate.swift */ = {isa = PBXFileReference; lastKnownFileType = sourcecode.swift; path = ExtensionDelegate.swift; sourceTree = "<group>"; };
		5C2072521C86D15E00703DAA /* NotificationController.swift */ = {isa = PBXFileReference; lastKnownFileType = sourcecode.swift; path = NotificationController.swift; sourceTree = "<group>"; };
		5C2072541C86D15E00703DAA /* GlanceController.swift */ = {isa = PBXFileReference; lastKnownFileType = sourcecode.swift; path = GlanceController.swift; sourceTree = "<group>"; };
		5C2072561C86D15E00703DAA /* ComplicationController.swift */ = {isa = PBXFileReference; lastKnownFileType = sourcecode.swift; path = ComplicationController.swift; sourceTree = "<group>"; };
		5C2072581C86D15E00703DAA /* Assets.xcassets */ = {isa = PBXFileReference; lastKnownFileType = folder.assetcatalog; path = Assets.xcassets; sourceTree = "<group>"; };
		5C20725A1C86D15E00703DAA /* Info.plist */ = {isa = PBXFileReference; lastKnownFileType = text.plist.xml; path = Info.plist; sourceTree = "<group>"; };
		5C2072681C86D2BE00703DAA /* WeathrViewController.swift */ = {isa = PBXFileReference; fileEncoding = 4; lastKnownFileType = sourcecode.swift; path = WeathrViewController.swift; sourceTree = "<group>"; };
		5C20726F1C86E6B600703DAA /* WatchWeatherKit.framework */ = {isa = PBXFileReference; explicitFileType = wrapper.framework; includeInIndex = 0; path = WatchWeatherKit.framework; sourceTree = BUILT_PRODUCTS_DIR; };
		5C2072711C86E6B600703DAA /* WatchWeatherKit.h */ = {isa = PBXFileReference; lastKnownFileType = sourcecode.c.h; path = WatchWeatherKit.h; sourceTree = "<group>"; };
		5C2072731C86E6B600703DAA /* Info.plist */ = {isa = PBXFileReference; lastKnownFileType = text.plist.xml; path = Info.plist; sourceTree = "<group>"; };
		5C20727C1C86E6D400703DAA /* Day.swift */ = {isa = PBXFileReference; fileEncoding = 4; lastKnownFileType = sourcecode.swift; path = Day.swift; sourceTree = "<group>"; };
		5C20727E1C86FA1E00703DAA /* WatchWeatherKit.swift */ = {isa = PBXFileReference; fileEncoding = 4; lastKnownFileType = sourcecode.swift; path = WatchWeatherKit.swift; sourceTree = "<group>"; };
		5C2072801C86FC7C00703DAA /* WeatherClient.swift */ = {isa = PBXFileReference; fileEncoding = 4; lastKnownFileType = sourcecode.swift; path = WeatherClient.swift; sourceTree = "<group>"; };
		5C2072871C872DA000703DAA /* WatchWeatherWatchKit.framework */ = {isa = PBXFileReference; explicitFileType = wrapper.framework; includeInIndex = 0; path = WatchWeatherWatchKit.framework; sourceTree = BUILT_PRODUCTS_DIR; };
		5C2072891C872DA000703DAA /* WatchWeatherWatchKit.h */ = {isa = PBXFileReference; lastKnownFileType = sourcecode.c.h; path = WatchWeatherWatchKit.h; sourceTree = "<group>"; };
		5C20728B1C872DA000703DAA /* Info.plist */ = {isa = PBXFileReference; lastKnownFileType = text.plist.xml; path = Info.plist; sourceTree = "<group>"; };
		5C2072941C872DB900703DAA /* Day.swift */ = {isa = PBXFileReference; fileEncoding = 4; lastKnownFileType = sourcecode.swift; path = Day.swift; sourceTree = "<group>"; };
		5C2072961C872DC600703DAA /* Weather.swift */ = {isa = PBXFileReference; fileEncoding = 4; lastKnownFileType = sourcecode.swift; path = Weather.swift; sourceTree = "<group>"; };
		5C2072981C872DD900703DAA /* WeatherClient.swift */ = {isa = PBXFileReference; fileEncoding = 4; lastKnownFileType = sourcecode.swift; path = WeatherClient.swift; sourceTree = "<group>"; };
/* End PBXFileReference section */

/* Begin PBXFrameworksBuildPhase section */
		5C2072231C86D15E00703DAA /* Frameworks */ = {
			isa = PBXFrameworksBuildPhase;
			buildActionMask = 2147483647;
			files = (
				5C2072761C86E6B600703DAA /* WatchWeatherKit.framework in Frameworks */,
			);
			runOnlyForDeploymentPostprocessing = 0;
		};
		5C2072441C86D15E00703DAA /* Frameworks */ = {
			isa = PBXFrameworksBuildPhase;
			buildActionMask = 2147483647;
			files = (
				5C20728E1C872DA000703DAA /* WatchWeatherWatchKit.framework in Frameworks */,
			);
			runOnlyForDeploymentPostprocessing = 0;
		};
		5C20726B1C86E6B600703DAA /* Frameworks */ = {
			isa = PBXFrameworksBuildPhase;
			buildActionMask = 2147483647;
			files = (
			);
			runOnlyForDeploymentPostprocessing = 0;
		};
		5C2072831C872DA000703DAA /* Frameworks */ = {
			isa = PBXFrameworksBuildPhase;
			buildActionMask = 2147483647;
			files = (
			);
			runOnlyForDeploymentPostprocessing = 0;
		};
/* End PBXFrameworksBuildPhase section */

/* Begin PBXGroup section */
		5C20721D1C86D15D00703DAA = {
			isa = PBXGroup;
			children = (
				5C2072281C86D15E00703DAA /* JWatchWeatherProject */,
				5C20723C1C86D15E00703DAA /* JWatchWeatherProject WatchKit App */,
				5C20724B1C86D15E00703DAA /* JWatchWeatherProject WatchKit Extension */,
				5C2072701C86E6B600703DAA /* WatchWeatherKit */,
				5C2072881C872DA000703DAA /* WatchWeatherWatchKit */,
				5C2072271C86D15E00703DAA /* Products */,
			);
			sourceTree = "<group>";
		};
		5C2072271C86D15E00703DAA /* Products */ = {
			isa = PBXGroup;
			children = (
				5C2072261C86D15E00703DAA /* JWatchWeatherProject.app */,
				5C2072381C86D15E00703DAA /* JWatchWeatherProject WatchKit App.app */,
				5C2072471C86D15E00703DAA /* JWatchWeatherProject WatchKit Extension.appex */,
				5C20726F1C86E6B600703DAA /* WatchWeatherKit.framework */,
				5C2072871C872DA000703DAA /* WatchWeatherWatchKit.framework */,
			);
			name = Products;
			sourceTree = "<group>";
		};
		5C2072281C86D15E00703DAA /* JWatchWeatherProject */ = {
			isa = PBXGroup;
			children = (
				5C2072291C86D15E00703DAA /* AppDelegate.swift */,
				5C20722B1C86D15E00703DAA /* ViewController.swift */,
				5C20722D1C86D15E00703DAA /* Main.storyboard */,
				5C2072301C86D15E00703DAA /* Assets.xcassets */,
				5C2072321C86D15E00703DAA /* LaunchScreen.storyboard */,
				5C2072351C86D15E00703DAA /* Info.plist */,
				5C2072681C86D2BE00703DAA /* WeathrViewController.swift */,
			);
			path = JWatchWeatherProject;
			sourceTree = "<group>";
		};
		5C20723C1C86D15E00703DAA /* JWatchWeatherProject WatchKit App */ = {
			isa = PBXGroup;
			children = (
				5C20723D1C86D15E00703DAA /* Interface.storyboard */,
				5C2072401C86D15E00703DAA /* Assets.xcassets */,
				5C2072421C86D15E00703DAA /* Info.plist */,
			);
			path = "JWatchWeatherProject WatchKit App";
			sourceTree = "<group>";
		};
		5C20724B1C86D15E00703DAA /* JWatchWeatherProject WatchKit Extension */ = {
			isa = PBXGroup;
			children = (
				5C20724E1C86D15E00703DAA /* InterfaceController.swift */,
				5C2072501C86D15E00703DAA /* ExtensionDelegate.swift */,
				5C2072521C86D15E00703DAA /* NotificationController.swift */,
				5C2072541C86D15E00703DAA /* GlanceController.swift */,
				5C2072561C86D15E00703DAA /* ComplicationController.swift */,
				5C2072581C86D15E00703DAA /* Assets.xcassets */,
				5C20725A1C86D15E00703DAA /* Info.plist */,
				5C20724C1C86D15E00703DAA /* Supporting Files */,
			);
			path = "JWatchWeatherProject WatchKit Extension";
			sourceTree = "<group>";
		};
		5C20724C1C86D15E00703DAA /* Supporting Files */ = {
			isa = PBXGroup;
			children = (
				5C20724D1C86D15E00703DAA /* PushNotificationPayload.apns */,
			);
			name = "Supporting Files";
			sourceTree = "<group>";
		};
		5C2072701C86E6B600703DAA /* WatchWeatherKit */ = {
			isa = PBXGroup;
			children = (
				5C2072711C86E6B600703DAA /* WatchWeatherKit.h */,
				5C2072731C86E6B600703DAA /* Info.plist */,
				5C20727C1C86E6D400703DAA /* Day.swift */,
				5C20727E1C86FA1E00703DAA /* WatchWeatherKit.swift */,
				5C2072801C86FC7C00703DAA /* WeatherClient.swift */,
			);
			path = WatchWeatherKit;
			sourceTree = "<group>";
		};
		5C2072881C872DA000703DAA /* WatchWeatherWatchKit */ = {
			isa = PBXGroup;
			children = (
				5C2072891C872DA000703DAA /* WatchWeatherWatchKit.h */,
				5C20728B1C872DA000703DAA /* Info.plist */,
				5C2072941C872DB900703DAA /* Day.swift */,
				5C2072961C872DC600703DAA /* Weather.swift */,
				5C2072981C872DD900703DAA /* WeatherClient.swift */,
			);
			path = WatchWeatherWatchKit;
			sourceTree = "<group>";
		};
/* End PBXGroup section */

/* Begin PBXHeadersBuildPhase section */
		5C20726C1C86E6B600703DAA /* Headers */ = {
			isa = PBXHeadersBuildPhase;
			buildActionMask = 2147483647;
			files = (
				5C2072721C86E6B600703DAA /* WatchWeatherKit.h in Headers */,
			);
			runOnlyForDeploymentPostprocessing = 0;
		};
		5C2072841C872DA000703DAA /* Headers */ = {
			isa = PBXHeadersBuildPhase;
			buildActionMask = 2147483647;
			files = (
				5C20728A1C872DA000703DAA /* WatchWeatherWatchKit.h in Headers */,
			);
			runOnlyForDeploymentPostprocessing = 0;
		};
/* End PBXHeadersBuildPhase section */

/* Begin PBXNativeTarget section */
		5C2072251C86D15E00703DAA /* JWatchWeatherProject */ = {
			isa = PBXNativeTarget;
			buildConfigurationList = 5C2072651C86D15E00703DAA /* Build configuration list for PBXNativeTarget "JWatchWeatherProject" */;
			buildPhases = (
				5C2072221C86D15E00703DAA /* Sources */,
				5C2072231C86D15E00703DAA /* Frameworks */,
				5C2072241C86D15E00703DAA /* Resources */,
				5C2072641C86D15E00703DAA /* Embed Watch Content */,
				5C20727B1C86E6B600703DAA /* Embed Frameworks */,
			);
			buildRules = (
			);
			dependencies = (
				5C20723B1C86D15E00703DAA /* PBXTargetDependency */,
				5C2072751C86E6B600703DAA /* PBXTargetDependency */,
			);
			name = JWatchWeatherProject;
			productName = JWatchWeatherProject;
			productReference = 5C2072261C86D15E00703DAA /* JWatchWeatherProject.app */;
			productType = "com.apple.product-type.application";
		};
		5C2072371C86D15E00703DAA /* JWatchWeatherProject WatchKit App */ = {
			isa = PBXNativeTarget;
			buildConfigurationList = 5C2072611C86D15E00703DAA /* Build configuration list for PBXNativeTarget "JWatchWeatherProject WatchKit App" */;
			buildPhases = (
				5C2072361C86D15E00703DAA /* Resources */,
				5C2072601C86D15E00703DAA /* Embed App Extensions */,
			);
			buildRules = (
			);
			dependencies = (
				5C20724A1C86D15E00703DAA /* PBXTargetDependency */,
			);
			name = "JWatchWeatherProject WatchKit App";
			productName = "JWatchWeatherProject WatchKit App";
			productReference = 5C2072381C86D15E00703DAA /* JWatchWeatherProject WatchKit App.app */;
			productType = "com.apple.product-type.application.watchapp2";
		};
		5C2072461C86D15E00703DAA /* JWatchWeatherProject WatchKit Extension */ = {
			isa = PBXNativeTarget;
			buildConfigurationList = 5C20725D1C86D15E00703DAA /* Build configuration list for PBXNativeTarget "JWatchWeatherProject WatchKit Extension" */;
			buildPhases = (
				5C2072431C86D15E00703DAA /* Sources */,
				5C2072441C86D15E00703DAA /* Frameworks */,
				5C2072451C86D15E00703DAA /* Resources */,
				5C2072931C872DA000703DAA /* Embed Frameworks */,
			);
			buildRules = (
			);
			dependencies = (
				5C20728D1C872DA000703DAA /* PBXTargetDependency */,
			);
			name = "JWatchWeatherProject WatchKit Extension";
			productName = "JWatchWeatherProject WatchKit Extension";
			productReference = 5C2072471C86D15E00703DAA /* JWatchWeatherProject WatchKit Extension.appex */;
			productType = "com.apple.product-type.watchkit2-extension";
		};
		5C20726E1C86E6B600703DAA /* WatchWeatherKit */ = {
			isa = PBXNativeTarget;
			buildConfigurationList = 5C2072781C86E6B600703DAA /* Build configuration list for PBXNativeTarget "WatchWeatherKit" */;
			buildPhases = (
				5C20726A1C86E6B600703DAA /* Sources */,
				5C20726B1C86E6B600703DAA /* Frameworks */,
				5C20726C1C86E6B600703DAA /* Headers */,
				5C20726D1C86E6B600703DAA /* Resources */,
			);
			buildRules = (
			);
			dependencies = (
			);
			name = WatchWeatherKit;
			productName = WatchWeatherKit;
			productReference = 5C20726F1C86E6B600703DAA /* WatchWeatherKit.framework */;
			productType = "com.apple.product-type.framework";
		};
		5C2072861C872DA000703DAA /* WatchWeatherWatchKit */ = {
			isa = PBXNativeTarget;
			buildConfigurationList = 5C2072901C872DA000703DAA /* Build configuration list for PBXNativeTarget "WatchWeatherWatchKit" */;
			buildPhases = (
				5C2072821C872DA000703DAA /* Sources */,
				5C2072831C872DA000703DAA /* Frameworks */,
				5C2072841C872DA000703DAA /* Headers */,
				5C2072851C872DA000703DAA /* Resources */,
			);
			buildRules = (
			);
			dependencies = (
			);
			name = WatchWeatherWatchKit;
			productName = WatchWeatherWatchKit;
			productReference = 5C2072871C872DA000703DAA /* WatchWeatherWatchKit.framework */;
			productType = "com.apple.product-type.framework";
		};
/* End PBXNativeTarget section */

/* Begin PBXProject section */
		5C20721E1C86D15D00703DAA /* Project object */ = {
			isa = PBXProject;
			attributes = {
				LastSwiftUpdateCheck = 0720;
				LastUpgradeCheck = 0720;
				ORGANIZATIONNAME = cyin;
				TargetAttributes = {
					5C2072251C86D15E00703DAA = {
						CreatedOnToolsVersion = 7.2.1;
						DevelopmentTeam = JE8CSGTB5D;
					};
					5C2072371C86D15E00703DAA = {
						CreatedOnToolsVersion = 7.2.1;
						DevelopmentTeam = JE8CSGTB5D;
					};
					5C2072461C86D15E00703DAA = {
						CreatedOnToolsVersion = 7.2.1;
						DevelopmentTeam = JE8CSGTB5D;
					};
					5C20726E1C86E6B600703DAA = {
						CreatedOnToolsVersion = 7.2.1;
						DevelopmentTeam = JE8CSGTB5D;
					};
					5C2072861C872DA000703DAA = {
						CreatedOnToolsVersion = 7.2.1;
						DevelopmentTeam = JE8CSGTB5D;
					};
				};
			};
			buildConfigurationList = 5C2072211C86D15D00703DAA /* Build configuration list for PBXProject "JWatchWeatherProject" */;
			compatibilityVersion = "Xcode 3.2";
			developmentRegion = English;
			hasScannedForEncodings = 0;
			knownRegions = (
				en,
				Base,
			);
			mainGroup = 5C20721D1C86D15D00703DAA;
			productRefGroup = 5C2072271C86D15E00703DAA /* Products */;
			projectDirPath = "";
			projectRoot = "";
			targets = (
				5C2072251C86D15E00703DAA /* JWatchWeatherProject */,
				5C2072371C86D15E00703DAA /* JWatchWeatherProject WatchKit App */,
				5C2072461C86D15E00703DAA /* JWatchWeatherProject WatchKit Extension */,
				5C20726E1C86E6B600703DAA /* WatchWeatherKit */,
				5C2072861C872DA000703DAA /* WatchWeatherWatchKit */,
			);
		};
/* End PBXProject section */

/* Begin PBXResourcesBuildPhase section */
		5C2072241C86D15E00703DAA /* Resources */ = {
			isa = PBXResourcesBuildPhase;
			buildActionMask = 2147483647;
			files = (
				5C2072341C86D15E00703DAA /* LaunchScreen.storyboard in Resources */,
				5C2072311C86D15E00703DAA /* Assets.xcassets in Resources */,
				5C20722F1C86D15E00703DAA /* Main.storyboard in Resources */,
			);
			runOnlyForDeploymentPostprocessing = 0;
		};
		5C2072361C86D15E00703DAA /* Resources */ = {
			isa = PBXResourcesBuildPhase;
			buildActionMask = 2147483647;
			files = (
				5C2072411C86D15E00703DAA /* Assets.xcassets in Resources */,
				5C20723F1C86D15E00703DAA /* Interface.storyboard in Resources */,
			);
			runOnlyForDeploymentPostprocessing = 0;
		};
		5C2072451C86D15E00703DAA /* Resources */ = {
			isa = PBXResourcesBuildPhase;
			buildActionMask = 2147483647;
			files = (
				5C2072591C86D15E00703DAA /* Assets.xcassets in Resources */,
			);
			runOnlyForDeploymentPostprocessing = 0;
		};
		5C20726D1C86E6B600703DAA /* Resources */ = {
			isa = PBXResourcesBuildPhase;
			buildActionMask = 2147483647;
			files = (
			);
			runOnlyForDeploymentPostprocessing = 0;
		};
		5C2072851C872DA000703DAA /* Resources */ = {
			isa = PBXResourcesBuildPhase;
			buildActionMask = 2147483647;
			files = (
			);
			runOnlyForDeploymentPostprocessing = 0;
		};
/* End PBXResourcesBuildPhase section */

/* Begin PBXSourcesBuildPhase section */
		5C2072221C86D15E00703DAA /* Sources */ = {
			isa = PBXSourcesBuildPhase;
			buildActionMask = 2147483647;
			files = (
				5C20722C1C86D15E00703DAA /* ViewController.swift in Sources */,
				5C2072691C86D2BE00703DAA /* WeathrViewController.swift in Sources */,
				5C20722A1C86D15E00703DAA /* AppDelegate.swift in Sources */,
			);
			runOnlyForDeploymentPostprocessing = 0;
		};
		5C2072431C86D15E00703DAA /* Sources */ = {
			isa = PBXSourcesBuildPhase;
			buildActionMask = 2147483647;
			files = (
				5C2072531C86D15E00703DAA /* NotificationController.swift in Sources */,
				5C2072511C86D15E00703DAA /* ExtensionDelegate.swift in Sources */,
				5C2072571C86D15E00703DAA /* ComplicationController.swift in Sources */,
				5C20724F1C86D15E00703DAA /* InterfaceController.swift in Sources */,
				5C2072551C86D15E00703DAA /* GlanceController.swift in Sources */,
			);
			runOnlyForDeploymentPostprocessing = 0;
		};
		5C20726A1C86E6B600703DAA /* Sources */ = {
			isa = PBXSourcesBuildPhase;
			buildActionMask = 2147483647;
			files = (
				5C20727D1C86E6D400703DAA /* Day.swift in Sources */,
				5C20727F1C86FA1E00703DAA /* WatchWeatherKit.swift in Sources */,
				5C2072811C86FC7C00703DAA /* WeatherClient.swift in Sources */,
			);
			runOnlyForDeploymentPostprocessing = 0;
		};
		5C2072821C872DA000703DAA /* Sources */ = {
			isa = PBXSourcesBuildPhase;
			buildActionMask = 2147483647;
			files = (
				5C2072971C872DC600703DAA /* Weather.swift in Sources */,
				5C2072951C872DB900703DAA /* Day.swift in Sources */,
				5C2072991C872DD900703DAA /* WeatherClient.swift in Sources */,
			);
			runOnlyForDeploymentPostprocessing = 0;
		};
/* End PBXSourcesBuildPhase section */

/* Begin PBXTargetDependency section */
		5C20723B1C86D15E00703DAA /* PBXTargetDependency */ = {
			isa = PBXTargetDependency;
			target = 5C2072371C86D15E00703DAA /* JWatchWeatherProject WatchKit App */;
			targetProxy = 5C20723A1C86D15E00703DAA /* PBXContainerItemProxy */;
		};
		5C20724A1C86D15E00703DAA /* PBXTargetDependency */ = {
			isa = PBXTargetDependency;
			target = 5C2072461C86D15E00703DAA /* JWatchWeatherProject WatchKit Extension */;
			targetProxy = 5C2072491C86D15E00703DAA /* PBXContainerItemProxy */;
		};
		5C2072751C86E6B600703DAA /* PBXTargetDependency */ = {
			isa = PBXTargetDependency;
			target = 5C20726E1C86E6B600703DAA /* WatchWeatherKit */;
			targetProxy = 5C2072741C86E6B600703DAA /* PBXContainerItemProxy */;
		};
		5C20728D1C872DA000703DAA /* PBXTargetDependency */ = {
			isa = PBXTargetDependency;
			target = 5C2072861C872DA000703DAA /* WatchWeatherWatchKit */;
			targetProxy = 5C20728C1C872DA000703DAA /* PBXContainerItemProxy */;
		};
/* End PBXTargetDependency section */

/* Begin PBXVariantGroup section */
		5C20722D1C86D15E00703DAA /* Main.storyboard */ = {
			isa = PBXVariantGroup;
			children = (
				5C20722E1C86D15E00703DAA /* Base */,
			);
			name = Main.storyboard;
			sourceTree = "<group>";
		};
		5C2072321C86D15E00703DAA /* LaunchScreen.storyboard */ = {
			isa = PBXVariantGroup;
			children = (
				5C2072331C86D15E00703DAA /* Base */,
			);
			name = LaunchScreen.storyboard;
			sourceTree = "<group>";
		};
		5C20723D1C86D15E00703DAA /* Interface.storyboard */ = {
			isa = PBXVariantGroup;
			children = (
				5C20723E1C86D15E00703DAA /* Base */,
			);
			name = Interface.storyboard;
			sourceTree = "<group>";
		};
/* End PBXVariantGroup section */

/* Begin XCBuildConfiguration section */
		5C20725B1C86D15E00703DAA /* Debug */ = {
			isa = XCBuildConfiguration;
			buildSettings = {
				ALWAYS_SEARCH_USER_PATHS = NO;
				CLANG_CXX_LANGUAGE_STANDARD = "gnu++0x";
				CLANG_CXX_LIBRARY = "libc++";
				CLANG_ENABLE_MODULES = YES;
				CLANG_ENABLE_OBJC_ARC = YES;
				CLANG_WARN_BOOL_CONVERSION = YES;
				CLANG_WARN_CONSTANT_CONVERSION = YES;
				CLANG_WARN_DIRECT_OBJC_ISA_USAGE = YES_ERROR;
				CLANG_WARN_EMPTY_BODY = YES;
				CLANG_WARN_ENUM_CONVERSION = YES;
				CLANG_WARN_INT_CONVERSION = YES;
				CLANG_WARN_OBJC_ROOT_CLASS = YES_ERROR;
				CLANG_WARN_UNREACHABLE_CODE = YES;
				CLANG_WARN__DUPLICATE_METHOD_MATCH = YES;
				"CODE_SIGN_IDENTITY[sdk=iphoneos*]" = "iPhone Developer";
				COPY_PHASE_STRIP = NO;
				DEBUG_INFORMATION_FORMAT = dwarf;
				ENABLE_STRICT_OBJC_MSGSEND = YES;
				ENABLE_TESTABILITY = YES;
				GCC_C_LANGUAGE_STANDARD = gnu99;
				GCC_DYNAMIC_NO_PIC = NO;
				GCC_NO_COMMON_BLOCKS = YES;
				GCC_OPTIMIZATION_LEVEL = 0;
				GCC_PREPROCESSOR_DEFINITIONS = (
					"DEBUG=1",
					"$(inherited)",
				);
				GCC_WARN_64_TO_32_BIT_CONVERSION = YES;
				GCC_WARN_ABOUT_RETURN_TYPE = YES_ERROR;
				GCC_WARN_UNDECLARED_SELECTOR = YES;
				GCC_WARN_UNINITIALIZED_AUTOS = YES_AGGRESSIVE;
				GCC_WARN_UNUSED_FUNCTION = YES;
				GCC_WARN_UNUSED_VARIABLE = YES;
				IPHONEOS_DEPLOYMENT_TARGET = 9.2;
				MTL_ENABLE_DEBUG_INFO = YES;
				ONLY_ACTIVE_ARCH = YES;
				SDKROOT = iphoneos;
				SWIFT_OPTIMIZATION_LEVEL = "-Onone";
			};
			name = Debug;
		};
		5C20725C1C86D15E00703DAA /* Release */ = {
			isa = XCBuildConfiguration;
			buildSettings = {
				ALWAYS_SEARCH_USER_PATHS = NO;
				CLANG_CXX_LANGUAGE_STANDARD = "gnu++0x";
				CLANG_CXX_LIBRARY = "libc++";
				CLANG_ENABLE_MODULES = YES;
				CLANG_ENABLE_OBJC_ARC = YES;
				CLANG_WARN_BOOL_CONVERSION = YES;
				CLANG_WARN_CONSTANT_CONVERSION = YES;
				CLANG_WARN_DIRECT_OBJC_ISA_USAGE = YES_ERROR;
				CLANG_WARN_EMPTY_BODY = YES;
				CLANG_WARN_ENUM_CONVERSION = YES;
				CLANG_WARN_INT_CONVERSION = YES;
				CLANG_WARN_OBJC_ROOT_CLASS = YES_ERROR;
				CLANG_WARN_UNREACHABLE_CODE = YES;
				CLANG_WARN__DUPLICATE_METHOD_MATCH = YES;
				"CODE_SIGN_IDENTITY[sdk=iphoneos*]" = "iPhone Developer";
				COPY_PHASE_STRIP = NO;
				DEBUG_INFORMATION_FORMAT = "dwarf-with-dsym";
				ENABLE_NS_ASSERTIONS = NO;
				ENABLE_STRICT_OBJC_MSGSEND = YES;
				GCC_C_LANGUAGE_STANDARD = gnu99;
				GCC_NO_COMMON_BLOCKS = YES;
				GCC_WARN_64_TO_32_BIT_CONVERSION = YES;
				GCC_WARN_ABOUT_RETURN_TYPE = YES_ERROR;
				GCC_WARN_UNDECLARED_SELECTOR = YES;
				GCC_WARN_UNINITIALIZED_AUTOS = YES_AGGRESSIVE;
				GCC_WARN_UNUSED_FUNCTION = YES;
				GCC_WARN_UNUSED_VARIABLE = YES;
				IPHONEOS_DEPLOYMENT_TARGET = 9.2;
				MTL_ENABLE_DEBUG_INFO = NO;
				SDKROOT = iphoneos;
				VALIDATE_PRODUCT = YES;
			};
			name = Release;
		};
		5C20725E1C86D15E00703DAA /* Debug */ = {
			isa = XCBuildConfiguration;
			buildSettings = {
				ASSETCATALOG_COMPILER_COMPLICATION_NAME = Complication;
				EMBEDDED_CONTENT_CONTAINS_SWIFT = YES;
				INFOPLIST_FILE = "JWatchWeatherProject WatchKit Extension/Info.plist";
				LD_RUNPATH_SEARCH_PATHS = "$(inherited) @executable_path/Frameworks @executable_path/../../Frameworks";
				PRODUCT_BUNDLE_IDENTIFIER = io.cyin.JWatchWeatherProject.watchkitapp.watchkitextension;
				PRODUCT_NAME = "${TARGET_NAME}";
				SDKROOT = watchos;
				SKIP_INSTALL = YES;
				TARGETED_DEVICE_FAMILY = 4;
				WATCHOS_DEPLOYMENT_TARGET = 2.1;
			};
			name = Debug;
		};
		5C20725F1C86D15E00703DAA /* Release */ = {
			isa = XCBuildConfiguration;
			buildSettings = {
				ASSETCATALOG_COMPILER_COMPLICATION_NAME = Complication;
				EMBEDDED_CONTENT_CONTAINS_SWIFT = YES;
				INFOPLIST_FILE = "JWatchWeatherProject WatchKit Extension/Info.plist";
				LD_RUNPATH_SEARCH_PATHS = "$(inherited) @executable_path/Frameworks @executable_path/../../Frameworks";
				PRODUCT_BUNDLE_IDENTIFIER = io.cyin.JWatchWeatherProject.watchkitapp.watchkitextension;
				PRODUCT_NAME = "${TARGET_NAME}";
				SDKROOT = watchos;
				SKIP_INSTALL = YES;
				TARGETED_DEVICE_FAMILY = 4;
				WATCHOS_DEPLOYMENT_TARGET = 2.1;
			};
			name = Release;
		};
		5C2072621C86D15E00703DAA /* Debug */ = {
			isa = XCBuildConfiguration;
			buildSettings = {
				ASSETCATALOG_COMPILER_APPICON_NAME = AppIcon;
				EMBEDDED_CONTENT_CONTAINS_SWIFT = YES;
				IBSC_MODULE = JWatchWeatherProject_WatchKit_Extension;
				INFOPLIST_FILE = "JWatchWeatherProject WatchKit App/Info.plist";
				PRODUCT_BUNDLE_IDENTIFIER = io.cyin.JWatchWeatherProject.watchkitapp;
				PRODUCT_NAME = "$(TARGET_NAME)";
				SDKROOT = watchos;
				SKIP_INSTALL = YES;
				TARGETED_DEVICE_FAMILY = 4;
				WATCHOS_DEPLOYMENT_TARGET = 2.1;
			};
			name = Debug;
		};
		5C2072631C86D15E00703DAA /* Release */ = {
			isa = XCBuildConfiguration;
			buildSettings = {
				ASSETCATALOG_COMPILER_APPICON_NAME = AppIcon;
				EMBEDDED_CONTENT_CONTAINS_SWIFT = YES;
				IBSC_MODULE = JWatchWeatherProject_WatchKit_Extension;
				INFOPLIST_FILE = "JWatchWeatherProject WatchKit App/Info.plist";
				PRODUCT_BUNDLE_IDENTIFIER = io.cyin.JWatchWeatherProject.watchkitapp;
				PRODUCT_NAME = "$(TARGET_NAME)";
				SDKROOT = watchos;
				SKIP_INSTALL = YES;
				TARGETED_DEVICE_FAMILY = 4;
				WATCHOS_DEPLOYMENT_TARGET = 2.1;
			};
			name = Release;
		};
		5C2072661C86D15E00703DAA /* Debug */ = {
			isa = XCBuildConfiguration;
			buildSettings = {
				ASSETCATALOG_COMPILER_APPICON_NAME = AppIcon;
				EMBEDDED_CONTENT_CONTAINS_SWIFT = YES;
				INFOPLIST_FILE = JWatchWeatherProject/Info.plist;
				LD_RUNPATH_SEARCH_PATHS = "$(inherited) @executable_path/Frameworks";
				PRODUCT_BUNDLE_IDENTIFIER = io.cyin.JWatchWeatherProject;
				PRODUCT_NAME = "$(TARGET_NAME)";
			};
			name = Debug;
		};
		5C2072671C86D15E00703DAA /* Release */ = {
			isa = XCBuildConfiguration;
			buildSettings = {
				ASSETCATALOG_COMPILER_APPICON_NAME = AppIcon;
				EMBEDDED_CONTENT_CONTAINS_SWIFT = YES;
				INFOPLIST_FILE = JWatchWeatherProject/Info.plist;
				LD_RUNPATH_SEARCH_PATHS = "$(inherited) @executable_path/Frameworks";
				PRODUCT_BUNDLE_IDENTIFIER = io.cyin.JWatchWeatherProject;
				PRODUCT_NAME = "$(TARGET_NAME)";
			};
			name = Release;
		};
		5C2072791C86E6B600703DAA /* Debug */ = {
			isa = XCBuildConfiguration;
			buildSettings = {
				CLANG_ENABLE_MODULES = YES;
				CURRENT_PROJECT_VERSION = 1;
				DEFINES_MODULE = YES;
				DYLIB_COMPATIBILITY_VERSION = 1;
				DYLIB_CURRENT_VERSION = 1;
				DYLIB_INSTALL_NAME_BASE = "@rpath";
				INFOPLIST_FILE = WatchWeatherKit/Info.plist;
				INSTALL_PATH = "$(LOCAL_LIBRARY_DIR)/Frameworks";
				LD_RUNPATH_SEARCH_PATHS = "$(inherited) @executable_path/Frameworks @loader_path/Frameworks";
				PRODUCT_BUNDLE_IDENTIFIER = io.cyin.WatchWeatherKit;
				PRODUCT_NAME = "$(TARGET_NAME)";
				SKIP_INSTALL = YES;
				SWIFT_OPTIMIZATION_LEVEL = "-Onone";
				TARGETED_DEVICE_FAMILY = "1,2";
				VERSIONING_SYSTEM = "apple-generic";
				VERSION_INFO_PREFIX = "";
			};
			name = Debug;
		};
		5C20727A1C86E6B600703DAA /* Release */ = {
			isa = XCBuildConfiguration;
			buildSettings = {
				CLANG_ENABLE_MODULES = YES;
				CURRENT_PROJECT_VERSION = 1;
				DEFINES_MODULE = YES;
				DYLIB_COMPATIBILITY_VERSION = 1;
				DYLIB_CURRENT_VERSION = 1;
				DYLIB_INSTALL_NAME_BASE = "@rpath";
				INFOPLIST_FILE = WatchWeatherKit/Info.plist;
				INSTALL_PATH = "$(LOCAL_LIBRARY_DIR)/Frameworks";
				LD_RUNPATH_SEARCH_PATHS = "$(inherited) @executable_path/Frameworks @loader_path/Frameworks";
				PRODUCT_BUNDLE_IDENTIFIER = io.cyin.WatchWeatherKit;
				PRODUCT_NAME = "$(TARGET_NAME)";
				SKIP_INSTALL = YES;
				TARGETED_DEVICE_FAMILY = "1,2";
				VERSIONING_SYSTEM = "apple-generic";
				VERSION_INFO_PREFIX = "";
			};
			name = Release;
		};
		5C2072911C872DA000703DAA /* Debug */ = {
			isa = XCBuildConfiguration;
			buildSettings = {
				APPLICATION_EXTENSION_API_ONLY = YES;
				CLANG_ENABLE_MODULES = YES;
				CURRENT_PROJECT_VERSION = 1;
				DEFINES_MODULE = YES;
				DYLIB_COMPATIBILITY_VERSION = 1;
				DYLIB_CURRENT_VERSION = 1;
				DYLIB_INSTALL_NAME_BASE = "@rpath";
				INFOPLIST_FILE = WatchWeatherWatchKit/Info.plist;
				INSTALL_PATH = "$(LOCAL_LIBRARY_DIR)/Frameworks";
				LD_RUNPATH_SEARCH_PATHS = "$(inherited) @executable_path/Frameworks @loader_path/Frameworks";
				PRODUCT_BUNDLE_IDENTIFIER = io.cyin.WatchWeatherWatchKit;
				PRODUCT_NAME = "$(TARGET_NAME)";
				SDKROOT = watchos;
				SKIP_INSTALL = YES;
				SWIFT_OPTIMIZATION_LEVEL = "-Onone";
				TARGETED_DEVICE_FAMILY = 4;
				VERSIONING_SYSTEM = "apple-generic";
				VERSION_INFO_PREFIX = "";
				WATCHOS_DEPLOYMENT_TARGET = 2.1;
			};
			name = Debug;
		};
		5C2072921C872DA000703DAA /* Release */ = {
			isa = XCBuildConfiguration;
			buildSettings = {
				APPLICATION_EXTENSION_API_ONLY = YES;
				CLANG_ENABLE_MODULES = YES;
				CURRENT_PROJECT_VERSION = 1;
				DEFINES_MODULE = YES;
				DYLIB_COMPATIBILITY_VERSION = 1;
				DYLIB_CURRENT_VERSION = 1;
				DYLIB_INSTALL_NAME_BASE = "@rpath";
				INFOPLIST_FILE = WatchWeatherWatchKit/Info.plist;
				INSTALL_PATH = "$(LOCAL_LIBRARY_DIR)/Frameworks";
				LD_RUNPATH_SEARCH_PATHS = "$(inherited) @executable_path/Frameworks @loader_path/Frameworks";
				PRODUCT_BUNDLE_IDENTIFIER = io.cyin.WatchWeatherWatchKit;
				PRODUCT_NAME = "$(TARGET_NAME)";
				SDKROOT = watchos;
				SKIP_INSTALL = YES;
				TARGETED_DEVICE_FAMILY = 4;
				VERSIONING_SYSTEM = "apple-generic";
				VERSION_INFO_PREFIX = "";
				WATCHOS_DEPLOYMENT_TARGET = 2.1;
			};
			name = Release;
		};
/* End XCBuildConfiguration section */

/* Begin XCConfigurationList section */
		5C2072211C86D15D00703DAA /* Build configuration list for PBXProject "JWatchWeatherProject" */ = {
			isa = XCConfigurationList;
			buildConfigurations = (
				5C20725B1C86D15E00703DAA /* Debug */,
				5C20725C1C86D15E00703DAA /* Release */,
			);
			defaultConfigurationIsVisible = 0;
			defaultConfigurationName = Release;
		};
		5C20725D1C86D15E00703DAA /* Build configuration list for PBXNativeTarget "JWatchWeatherProject WatchKit Extension" */ = {
			isa = XCConfigurationList;
			buildConfigurations = (
				5C20725E1C86D15E00703DAA /* Debug */,
				5C20725F1C86D15E00703DAA /* Release */,
			);
			defaultConfigurationIsVisible = 0;
		};
		5C2072611C86D15E00703DAA /* Build configuration list for PBXNativeTarget "JWatchWeatherProject WatchKit App" */ = {
			isa = XCConfigurationList;
			buildConfigurations = (
				5C2072621C86D15E00703DAA /* Debug */,
				5C2072631C86D15E00703DAA /* Release */,
			);
			defaultConfigurationIsVisible = 0;
		};
		5C2072651C86D15E00703DAA /* Build configuration list for PBXNativeTarget "JWatchWeatherProject" */ = {
			isa = XCConfigurationList;
			buildConfigurations = (
				5C2072661C86D15E00703DAA /* Debug */,
				5C2072671C86D15E00703DAA /* Release */,
			);
			defaultConfigurationIsVisible = 0;
		};
		5C2072781C86E6B600703DAA /* Build configuration list for PBXNativeTarget "WatchWeatherKit" */ = {
			isa = XCConfigurationList;
			buildConfigurations = (
				5C2072791C86E6B600703DAA /* Debug */,
				5C20727A1C86E6B600703DAA /* Release */,
			);
			defaultConfigurationIsVisible = 0;
		};
		5C2072901C872DA000703DAA /* Build configuration list for PBXNativeTarget "WatchWeatherWatchKit" */ = {
			isa = XCConfigurationList;
			buildConfigurations = (
				5C2072911C872DA000703DAA /* Debug */,
				5C2072921C872DA000703DAA /* Release */,
			);
			defaultConfigurationIsVisible = 0;
		};
/* End XCConfigurationList section */
	};
	rootObject = 5C20721E1C86D15D00703DAA /* Project object */;
}
